PODS:
  - MultiPlatformLibrary (0.1.0)

DEPENDENCIES:
  - MultiPlatformLibrary (from `../mpp-library`)

EXTERNAL SOURCES:
  MultiPlatformLibrary:
    :path: "../mpp-library"

SPEC CHECKSUMS:
  MultiPlatformLibrary: 8ff2a38dfce9bc75ffd8d4494809c126c4bf20bf

PODFILE CHECKSUM: cf316fb3fe1bf629f49a1dd70a7b3791f0d2ea1c

COCOAPODS: 1.9.3
